{
  "version": 4,
  "terraform_version": "1.6.2",
  "serial": 90,
  "lineage": "74625655-c8e6-da75-c9db-851ecbfd8327",
  "outputs": {},
  "resources": [
    {
      "module": "module.storage",
      "mode": "data",
      "type": "aws_secretsmanager_secret_version",
      "name": "open_api_key",
      "provider": "provider[\"registry.terraform.io/hashicorp/aws\"]",
      "instances": [
        {
          "schema_version": 0,
          "attributes": {
            "arn": "arn:aws:secretsmanager:eu-central-1:098079051172:secret:dev-open-api-key-kEkJYz",
            "created_date": "2024-02-21T14:25:28Z",
            "id": "arn:aws:secretsmanager:eu-central-1:098079051172:secret:dev-open-api-key-kEkJYz|AWSCURRENT",
            "secret_binary": "",
            "secret_id": "arn:aws:secretsmanager:eu-central-1:098079051172:secret:dev-open-api-key-kEkJYz",
            "secret_string": "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",
            "version_id": "4a61db52-534f-471e-b1ae-2b4ce97ec226",
            "version_stage": "AWSCURRENT",
            "version_stages": [
              "AWSCURRENT"
            ]
          },
          "sensitive_attributes": []
        }
      ]
    },
    {
      "module": "module.storage",
      "mode": "managed",
      "type": "aws_iam_role",
      "name": "pdf_handler_lambda",
      "provider": "provider[\"registry.terraform.io/hashicorp/aws\"]",
      "instances": [
        {
          "schema_version": 0,
          "attributes": {
            "arn": "arn:aws:iam::098079051172:role/terraform-20240217115422042900000001",
            "assume_role_policy": "{\"Statement\":[{\"Action\":\"sts:AssumeRole\",\"Effect\":\"Allow\",\"Principal\":{\"Service\":\"lambda.amazonaws.com\"}}],\"Version\":\"2012-10-17\"}",
            "create_date": "2024-02-17T11:54:22Z",
            "description": "",
            "force_detach_policies": false,
            "id": "terraform-20240217115422042900000001",
            "inline_policy": [
              {
                "name": "terraform-20240217115423948700000002",
                "policy": "{\"Version\":\"2012-10-17\",\"Statement\":[{\"Action\":[\"logs:CreateLogGroup\",\"logs:CreateLogStream\",\"logs:PutLogEvents\"],\"Effect\":\"Allow\",\"Resource\":\"arn:aws:logs:*:*:*\"},{\"Action\":[\"s3:PutBucketPolicy\",\"s3:PutObject\",\"s3:GetObject\",\"ecr:BatchCheckLayerAvailability\",\"ecr:GetDownloadUrlForLayer\",\"ecr:BatchGetImage\"],\"Effect\":\"Allow\",\"Resource\":\"arn:aws:s3:::letsremote-dev-chatbot-storage/*\"},{\"Action\":[\"sqs:*\"],\"Effect\":\"Allow\",\"Resource\":\"arn:aws:sqs:eu-central-1:098079051172:letsremote-dev-chatbot-storage-chatbot-model-queue\"}]}"
              }
            ],
            "managed_policy_arns": [],
            "max_session_duration": 3600,
            "name": "terraform-20240217115422042900000001",
            "name_prefix": "terraform-",
            "path": "/",
            "permissions_boundary": "",
            "tags": {},
            "tags_all": {},
            "unique_id": "AROARNVPXRWSCMQHY7566"
          },
          "sensitive_attributes": [],
          "private": "bnVsbA=="
        }
      ]
    },
    {
      "module": "module.storage",
      "mode": "managed",
      "type": "aws_iam_role_policy",
      "name": "pdf_handler_lambda_policy",
      "provider": "provider[\"registry.terraform.io/hashicorp/aws\"]",
      "instances": [
        {
          "schema_version": 0,
          "attributes": {
            "id": "terraform-20240217115422042900000001:terraform-20240217115423948700000002",
            "name": "terraform-20240217115423948700000002",
            "name_prefix": "terraform-",
            "policy": "{\"Version\":\"2012-10-17\",\"Statement\":[{\"Action\":[\"logs:CreateLogGroup\",\"logs:CreateLogStream\",\"logs:PutLogEvents\"],\"Effect\":\"Allow\",\"Resource\":\"arn:aws:logs:*:*:*\"},{\"Action\":[\"s3:HeadObject\",\"s3:PutBucketPolicy\",\"s3:PutObject\",\"s3:GetObject\",\"ecr:BatchCheckLayerAvailability\",\"ecr:GetDownloadUrlForLayer\",\"ecr:BatchGetImage\"],\"Effect\":\"Allow\",\"Resource\":\"arn:aws:s3:::letsremote-dev-chatbot-storage/*\"},{\"Action\":[\"sqs:*\"],\"Effect\":\"Allow\",\"Resource\":\"arn:aws:sqs:eu-central-1:098079051172:letsremote-dev-chatbot-storage-chatbot-model-queue\"}]}",
            "role": "terraform-20240217115422042900000001"
          },
          "sensitive_attributes": [],
          "private": "bnVsbA==",
          "dependencies": [
            "module.storage.aws_iam_role.pdf_handler_lambda",
            "module.storage.aws_s3_bucket.assets_bucket",
            "module.storage.aws_sqs_queue.chatbot_model_queue"
          ]
        }
      ]
    },
    {
      "module": "module.storage",
      "mode": "managed",
      "type": "aws_lambda_function",
      "name": "model_create_lambda",
      "provider": "provider[\"registry.terraform.io/hashicorp/aws\"]",
      "instances": [
        {
          "schema_version": 0,
          "attributes": {
            "architectures": [
              "arm64"
            ],
            "arn": "arn:aws:lambda:eu-central-1:098079051172:function:letsremote-dev-chatbot-storage_model_create",
            "code_signing_config_arn": "",
            "dead_letter_config": [],
            "description": "",
            "environment": [
              {
                "variables": {
                  "CHATBOT_SQS_BUS_URL": "https://sqs.eu-central-1.amazonaws.com/098079051172/letsremote-dev-chatbot-storage-chatbot-model-queue",
                  "OPENAI_API_KEY": "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"
                }
              }
            ],
            "ephemeral_storage": [
              {
                "size": 512
              }
            ],
            "file_system_config": [],
            "filename": null,
            "function_name": "letsremote-dev-chatbot-storage_model_create",
            "handler": "",
            "id": "letsremote-dev-chatbot-storage_model_create",
            "image_config": [
              {
                "command": [
                  "model-create/app.lambda_handler"
                ],
                "entry_point": [],
                "working_directory": ""
              }
            ],
            "image_uri": "098079051172.dkr.ecr.eu-central-1.amazonaws.com/letsremote_faiss_model_from_txt:latest",
            "invoke_arn": "arn:aws:apigateway:eu-central-1:lambda:path/2015-03-31/functions/arn:aws:lambda:eu-central-1:098079051172:function:letsremote-dev-chatbot-storage_model_create/invocations",
            "kms_key_arn": "",
            "last_modified": "2024-02-21T20:39:14.000+0000",
            "layers": [],
            "logging_config": [
              {
                "application_log_level": "",
                "log_format": "Text",
                "log_group": "/aws/lambda/letsremote-dev-chatbot-storage_model_create",
                "system_log_level": ""
              }
            ],
            "memory_size": 1024,
            "package_type": "Image",
            "publish": false,
            "qualified_arn": "arn:aws:lambda:eu-central-1:098079051172:function:letsremote-dev-chatbot-storage_model_create:$LATEST",
            "qualified_invoke_arn": "arn:aws:apigateway:eu-central-1:lambda:path/2015-03-31/functions/arn:aws:lambda:eu-central-1:098079051172:function:letsremote-dev-chatbot-storage_model_create:$LATEST/invocations",
            "replace_security_groups_on_destroy": null,
            "replacement_security_group_ids": null,
            "reserved_concurrent_executions": -1,
            "role": "arn:aws:iam::098079051172:role/terraform-20240217115422042900000001",
            "runtime": "",
            "s3_bucket": null,
            "s3_key": null,
            "s3_object_version": null,
            "signing_job_arn": "",
            "signing_profile_version_arn": "",
            "skip_destroy": false,
            "snap_start": [],
            "source_code_hash": "7b5ec9f09e34bd93ceaec76e0fc71a5f90ad00b6cfc7633ef5d0deca61656750",
            "source_code_size": 0,
            "tags": {},
            "tags_all": {},
            "timeout": 60,
            "timeouts": null,
            "tracing_config": [
              {
                "mode": "PassThrough"
              }
            ],
            "version": "$LATEST",
            "vpc_config": []
          },
          "sensitive_attributes": [
            [
              {
                "type": "get_attr",
                "value": "environment"
              },
              {
                "type": "index",
                "value": {
                  "value": 0,
                  "type": "number"
                }
              },
              {
                "type": "get_attr",
                "value": "variables"
              },
              {
                "type": "index",
                "value": {
                  "value": "OPENAI_API_KEY",
                  "type": "string"
                }
              }
            ]
          ],
          "private": "eyJlMmJmYjczMC1lY2FhLTExZTYtOGY4OC0zNDM2M2JjN2M0YzAiOnsiY3JlYXRlIjo2MDAwMDAwMDAwMDAsImRlbGV0ZSI6NjAwMDAwMDAwMDAwLCJ1cGRhdGUiOjYwMDAwMDAwMDAwMH19",
          "dependencies": [
            "module.storage.aws_iam_role.pdf_handler_lambda",
            "module.storage.aws_secretsmanager_secret.open_api_key",
            "module.storage.aws_sqs_queue.chatbot_model_queue",
            "module.storage.data.aws_secretsmanager_secret_version.open_api_key"
          ]
        }
      ]
    },
    {
      "module": "module.storage",
      "mode": "managed",
      "type": "aws_lambda_function",
      "name": "model_query_lambda",
      "provider": "provider[\"registry.terraform.io/hashicorp/aws\"]",
      "instances": [
        {
          "schema_version": 0,
          "attributes": {
            "architectures": [
              "arm64"
            ],
            "arn": "arn:aws:lambda:eu-central-1:098079051172:function:letsremote-dev-chatbot-storage_model_query",
            "code_signing_config_arn": "",
            "dead_letter_config": [],
            "description": "",
            "environment": [
              {
                "variables": {
                  "OPENAI_API_KEY": "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"
                }
              }
            ],
            "ephemeral_storage": [
              {
                "size": 512
              }
            ],
            "file_system_config": [],
            "filename": null,
            "function_name": "letsremote-dev-chatbot-storage_model_query",
            "handler": "",
            "id": "letsremote-dev-chatbot-storage_model_query",
            "image_config": [
              {
                "command": [
                  "model-query/app.lambda_handler"
                ],
                "entry_point": [],
                "working_directory": ""
              }
            ],
            "image_uri": "098079051172.dkr.ecr.eu-central-1.amazonaws.com/letsremote_faiss_model_from_txt:latest",
            "invoke_arn": "arn:aws:apigateway:eu-central-1:lambda:path/2015-03-31/functions/arn:aws:lambda:eu-central-1:098079051172:function:letsremote-dev-chatbot-storage_model_query/invocations",
            "kms_key_arn": "",
            "last_modified": "2024-02-22T13:17:53.000+0000",
            "layers": [],
            "logging_config": [
              {
                "application_log_level": "",
                "log_format": "Text",
                "log_group": "/aws/lambda/letsremote-dev-chatbot-storage_model_query",
                "system_log_level": ""
              }
            ],
            "memory_size": 1024,
            "package_type": "Image",
            "publish": false,
            "qualified_arn": "arn:aws:lambda:eu-central-1:098079051172:function:letsremote-dev-chatbot-storage_model_query:$LATEST",
            "qualified_invoke_arn": "arn:aws:apigateway:eu-central-1:lambda:path/2015-03-31/functions/arn:aws:lambda:eu-central-1:098079051172:function:letsremote-dev-chatbot-storage_model_query:$LATEST/invocations",
            "replace_security_groups_on_destroy": null,
            "replacement_security_group_ids": null,
            "reserved_concurrent_executions": -1,
            "role": "arn:aws:iam::098079051172:role/terraform-20240217115422042900000001",
            "runtime": "",
            "s3_bucket": null,
            "s3_key": null,
            "s3_object_version": null,
            "signing_job_arn": "",
            "signing_profile_version_arn": "",
            "skip_destroy": false,
            "snap_start": [],
            "source_code_hash": "7b5ec9f09e34bd93ceaec76e0fc71a5f90ad00b6cfc7633ef5d0deca61656750",
            "source_code_size": 0,
            "tags": {},
            "tags_all": {},
            "timeout": 60,
            "timeouts": null,
            "tracing_config": [
              {
                "mode": "PassThrough"
              }
            ],
            "version": "$LATEST",
            "vpc_config": []
          },
          "sensitive_attributes": [
            [
              {
                "type": "get_attr",
                "value": "environment"
              },
              {
                "type": "index",
                "value": {
                  "value": 0,
                  "type": "number"
                }
              },
              {
                "type": "get_attr",
                "value": "variables"
              },
              {
                "type": "index",
                "value": {
                  "value": "OPENAI_API_KEY",
                  "type": "string"
                }
              }
            ]
          ],
          "private": "eyJlMmJmYjczMC1lY2FhLTExZTYtOGY4OC0zNDM2M2JjN2M0YzAiOnsiY3JlYXRlIjo2MDAwMDAwMDAwMDAsImRlbGV0ZSI6NjAwMDAwMDAwMDAwLCJ1cGRhdGUiOjYwMDAwMDAwMDAwMH19",
          "dependencies": [
            "module.storage.aws_iam_role.pdf_handler_lambda",
            "module.storage.aws_secretsmanager_secret.open_api_key",
            "module.storage.data.aws_secretsmanager_secret_version.open_api_key"
          ]
        }
      ]
    },
    {
      "module": "module.storage",
      "mode": "managed",
      "type": "aws_lambda_function",
      "name": "pdf_handler_lambda",
      "provider": "provider[\"registry.terraform.io/hashicorp/aws\"]",
      "instances": [
        {
          "schema_version": 0,
          "attributes": {
            "architectures": [
              "arm64"
            ],
            "arn": "arn:aws:lambda:eu-central-1:098079051172:function:letsremote-dev-chatbot-storage_pdf_handler",
            "code_signing_config_arn": "",
            "dead_letter_config": [],
            "description": "",
            "environment": [
              {
                "variables": {
                  "CHATBOT_SQS_BUS_URL": "https://sqs.eu-central-1.amazonaws.com/098079051172/letsremote-dev-chatbot-storage-chatbot-model-queue",
                  "OPENAI_API_KEY": "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"
                }
              }
            ],
            "ephemeral_storage": [
              {
                "size": 512
              }
            ],
            "file_system_config": [],
            "filename": null,
            "function_name": "letsremote-dev-chatbot-storage_pdf_handler",
            "handler": "",
            "id": "letsremote-dev-chatbot-storage_pdf_handler",
            "image_config": [
              {
                "command": [
                  "transcript-create/app.lambda_handler"
                ],
                "entry_point": [],
                "working_directory": ""
              }
            ],
            "image_uri": "098079051172.dkr.ecr.eu-central-1.amazonaws.com/letsremote_faiss_model_from_txt:latest",
            "invoke_arn": "arn:aws:apigateway:eu-central-1:lambda:path/2015-03-31/functions/arn:aws:lambda:eu-central-1:098079051172:function:letsremote-dev-chatbot-storage_pdf_handler/invocations",
            "kms_key_arn": "",
            "last_modified": "2024-02-21T20:39:14.000+0000",
            "layers": [],
            "logging_config": [
              {
                "application_log_level": "",
                "log_format": "Text",
                "log_group": "/aws/lambda/letsremote-dev-chatbot-storage_pdf_handler",
                "system_log_level": ""
              }
            ],
            "memory_size": 1024,
            "package_type": "Image",
            "publish": false,
            "qualified_arn": "arn:aws:lambda:eu-central-1:098079051172:function:letsremote-dev-chatbot-storage_pdf_handler:$LATEST",
            "qualified_invoke_arn": "arn:aws:apigateway:eu-central-1:lambda:path/2015-03-31/functions/arn:aws:lambda:eu-central-1:098079051172:function:letsremote-dev-chatbot-storage_pdf_handler:$LATEST/invocations",
            "replace_security_groups_on_destroy": null,
            "replacement_security_group_ids": null,
            "reserved_concurrent_executions": -1,
            "role": "arn:aws:iam::098079051172:role/terraform-20240217115422042900000001",
            "runtime": "",
            "s3_bucket": null,
            "s3_key": null,
            "s3_object_version": null,
            "signing_job_arn": "",
            "signing_profile_version_arn": "",
            "skip_destroy": false,
            "snap_start": [],
            "source_code_hash": "7b5ec9f09e34bd93ceaec76e0fc71a5f90ad00b6cfc7633ef5d0deca61656750",
            "source_code_size": 0,
            "tags": {},
            "tags_all": {},
            "timeout": 60,
            "timeouts": null,
            "tracing_config": [
              {
                "mode": "PassThrough"
              }
            ],
            "version": "$LATEST",
            "vpc_config": []
          },
          "sensitive_attributes": [
            [
              {
                "type": "get_attr",
                "value": "environment"
              },
              {
                "type": "index",
                "value": {
                  "value": 0,
                  "type": "number"
                }
              },
              {
                "type": "get_attr",
                "value": "variables"
              },
              {
                "type": "index",
                "value": {
                  "value": "OPENAI_API_KEY",
                  "type": "string"
                }
              }
            ]
          ],
          "private": "eyJlMmJmYjczMC1lY2FhLTExZTYtOGY4OC0zNDM2M2JjN2M0YzAiOnsiY3JlYXRlIjo2MDAwMDAwMDAwMDAsImRlbGV0ZSI6NjAwMDAwMDAwMDAwLCJ1cGRhdGUiOjYwMDAwMDAwMDAwMH19",
          "dependencies": [
            "module.storage.aws_iam_role.pdf_handler_lambda",
            "module.storage.aws_secretsmanager_secret.open_api_key",
            "module.storage.aws_sqs_queue.chatbot_model_queue",
            "module.storage.data.aws_secretsmanager_secret_version.open_api_key"
          ]
        }
      ]
    },
    {
      "module": "module.storage",
      "mode": "managed",
      "type": "aws_lambda_permission",
      "name": "allow_bucket",
      "provider": "provider[\"registry.terraform.io/hashicorp/aws\"]",
      "instances": [
        {
          "schema_version": 0,
          "attributes": {
            "action": "lambda:InvokeFunction",
            "event_source_token": null,
            "function_name": "letsremote-dev-chatbot-storage_pdf_handler",
            "function_url_auth_type": null,
            "id": "AllowExecutionFromS3Bucket",
            "principal": "s3.amazonaws.com",
            "principal_org_id": null,
            "qualifier": "",
            "source_account": null,
            "source_arn": "arn:aws:s3:::letsremote-dev-chatbot-storage",
            "statement_id": "AllowExecutionFromS3Bucket",
            "statement_id_prefix": ""
          },
          "sensitive_attributes": [],
          "private": "bnVsbA==",
          "dependencies": [
            "module.storage.aws_iam_role.pdf_handler_lambda",
            "module.storage.aws_lambda_function.pdf_handler_lambda",
            "module.storage.aws_s3_bucket.assets_bucket",
            "module.storage.aws_secretsmanager_secret.open_api_key",
            "module.storage.aws_sqs_queue.chatbot_model_queue",
            "module.storage.data.aws_secretsmanager_secret_version.open_api_key"
          ]
        }
      ]
    },
    {
      "module": "module.storage",
      "mode": "managed",
      "type": "aws_s3_bucket",
      "name": "assets_bucket",
      "provider": "provider[\"registry.terraform.io/hashicorp/aws\"]",
      "instances": [
        {
          "schema_version": 0,
          "attributes": {
            "acceleration_status": "",
            "acl": null,
            "arn": "arn:aws:s3:::letsremote-dev-chatbot-storage",
            "bucket": "letsremote-dev-chatbot-storage",
            "bucket_domain_name": "letsremote-dev-chatbot-storage.s3.amazonaws.com",
            "bucket_prefix": "",
            "bucket_regional_domain_name": "letsremote-dev-chatbot-storage.s3.eu-central-1.amazonaws.com",
            "cors_rule": [
              {
                "allowed_headers": [
                  "*"
                ],
                "allowed_methods": [
                  "POST",
                  "GET",
                  "PUT"
                ],
                "allowed_origins": [
                  "http://localhost:4005"
                ],
                "expose_headers": [
                  "ETag"
                ],
                "max_age_seconds": 3000
              }
            ],
            "force_destroy": false,
            "grant": [
              {
                "id": "f4a962b2acf3aa4eca9a77d9165c2cd0923a6cfd58ffcfde24b228d475be3ac1",
                "permissions": [
                  "FULL_CONTROL"
                ],
                "type": "CanonicalUser",
                "uri": ""
              }
            ],
            "hosted_zone_id": "Z21DNDUVLTQW6Q",
            "id": "letsremote-dev-chatbot-storage",
            "lifecycle_rule": [],
            "logging": [],
            "object_lock_configuration": [],
            "object_lock_enabled": false,
            "policy": "{\"Id\":\"Policy\",\"Statement\":[{\"Action\":\"s3:GetObject\",\"Effect\":\"Allow\",\"Principal\":{\"AWS\":\"*\"},\"Resource\":\"arn:aws:s3:::letsremote-dev-chatbot-storage/*\"}],\"Version\":\"2008-10-17\"}",
            "region": "eu-central-1",
            "replication_configuration": [],
            "request_payer": "BucketOwner",
            "server_side_encryption_configuration": [
              {
                "rule": [
                  {
                    "apply_server_side_encryption_by_default": [
                      {
                        "kms_master_key_id": "",
                        "sse_algorithm": "AES256"
                      }
                    ],
                    "bucket_key_enabled": false
                  }
                ]
              }
            ],
            "tags": {
              "Environment": "dev",
              "Name": "letsremote-dev-chatbot-storage",
              "Project": "chatbot-storage"
            },
            "tags_all": {
              "Environment": "dev",
              "Name": "letsremote-dev-chatbot-storage",
              "Project": "chatbot-storage"
            },
            "timeouts": null,
            "versioning": [
              {
                "enabled": false,
                "mfa_delete": false
              }
            ],
            "website": [],
            "website_domain": null,
            "website_endpoint": null
          },
          "sensitive_attributes": [],
          "private": "eyJlMmJmYjczMC1lY2FhLTExZTYtOGY4OC0zNDM2M2JjN2M0YzAiOnsiY3JlYXRlIjoxMjAwMDAwMDAwMDAwLCJkZWxldGUiOjM2MDAwMDAwMDAwMDAsInJlYWQiOjEyMDAwMDAwMDAwMDAsInVwZGF0ZSI6MTIwMDAwMDAwMDAwMH19"
        }
      ]
    },
    {
      "module": "module.storage",
      "mode": "managed",
      "type": "aws_s3_bucket_acl",
      "name": "assets_bucket",
      "provider": "provider[\"registry.terraform.io/hashicorp/aws\"]",
      "instances": [
        {
          "schema_version": 0,
          "attributes": {
            "access_control_policy": [
              {
                "grant": [
                  {
                    "grantee": [
                      {
                        "display_name": "",
                        "email_address": "",
                        "id": "f4a962b2acf3aa4eca9a77d9165c2cd0923a6cfd58ffcfde24b228d475be3ac1",
                        "type": "CanonicalUser",
                        "uri": ""
                      }
                    ],
                    "permission": "FULL_CONTROL"
                  }
                ],
                "owner": [
                  {
                    "display_name": "",
                    "id": "f4a962b2acf3aa4eca9a77d9165c2cd0923a6cfd58ffcfde24b228d475be3ac1"
                  }
                ]
              }
            ],
            "acl": "public-read",
            "bucket": "letsremote-dev-chatbot-storage",
            "expected_bucket_owner": "",
            "id": "letsremote-dev-chatbot-storage,public-read"
          },
          "sensitive_attributes": [],
          "private": "bnVsbA==",
          "dependencies": [
            "module.storage.aws_s3_bucket.assets_bucket",
            "module.storage.aws_s3_bucket_ownership_controls.assets_bucket",
            "module.storage.aws_s3_bucket_public_access_block.assets_bucket"
          ]
        }
      ]
    },
    {
      "module": "module.storage",
      "mode": "managed",
      "type": "aws_s3_bucket_cors_configuration",
      "name": "example",
      "provider": "provider[\"registry.terraform.io/hashicorp/aws\"]",
      "instances": [
        {
          "schema_version": 0,
          "attributes": {
            "bucket": "letsremote-dev-chatbot-storage",
            "cors_rule": [
              {
                "allowed_headers": [
                  "*"
                ],
                "allowed_methods": [
                  "GET",
                  "POST",
                  "PUT"
                ],
                "allowed_origins": [
                  "http://localhost:4005"
                ],
                "expose_headers": [
                  "ETag"
                ],
                "id": "",
                "max_age_seconds": 3000
              }
            ],
            "expected_bucket_owner": "",
            "id": "letsremote-dev-chatbot-storage"
          },
          "sensitive_attributes": [],
          "private": "bnVsbA==",
          "dependencies": [
            "module.storage.aws_s3_bucket.assets_bucket"
          ]
        }
      ]
    },
    {
      "module": "module.storage",
      "mode": "managed",
      "type": "aws_s3_bucket_notification",
      "name": "bucket_notification",
      "provider": "provider[\"registry.terraform.io/hashicorp/aws\"]",
      "instances": [
        {
          "schema_version": 0,
          "attributes": {
            "bucket": "letsremote-dev-chatbot-storage",
            "eventbridge": false,
            "id": "letsremote-dev-chatbot-storage",
            "lambda_function": [
              {
                "events": [
                  "s3:ObjectCreated:*"
                ],
                "filter_prefix": "pdf",
                "filter_suffix": ".pdf",
                "id": "tf-s3-lambda-20240217115510232200000003",
                "lambda_function_arn": "arn:aws:lambda:eu-central-1:098079051172:function:letsremote-dev-chatbot-storage_pdf_handler"
              }
            ],
            "queue": [],
            "topic": []
          },
          "sensitive_attributes": [],
          "private": "bnVsbA==",
          "dependencies": [
            "module.storage.aws_iam_role.pdf_handler_lambda",
            "module.storage.aws_lambda_function.pdf_handler_lambda",
            "module.storage.aws_s3_bucket.assets_bucket",
            "module.storage.aws_secretsmanager_secret.open_api_key",
            "module.storage.aws_sqs_queue.chatbot_model_queue",
            "module.storage.data.aws_secretsmanager_secret_version.open_api_key"
          ]
        }
      ]
    },
    {
      "module": "module.storage",
      "mode": "managed",
      "type": "aws_s3_bucket_ownership_controls",
      "name": "assets_bucket",
      "provider": "provider[\"registry.terraform.io/hashicorp/aws\"]",
      "instances": [
        {
          "schema_version": 0,
          "attributes": {
            "bucket": "letsremote-dev-chatbot-storage",
            "id": "letsremote-dev-chatbot-storage",
            "rule": [
              {
                "object_ownership": "BucketOwnerPreferred"
              }
            ]
          },
          "sensitive_attributes": [],
          "private": "bnVsbA==",
          "dependencies": [
            "module.storage.aws_s3_bucket.assets_bucket"
          ]
        }
      ]
    },
    {
      "module": "module.storage",
      "mode": "managed",
      "type": "aws_s3_bucket_policy",
      "name": "bucket_public_policy",
      "provider": "provider[\"registry.terraform.io/hashicorp/aws\"]",
      "instances": [
        {
          "schema_version": 0,
          "attributes": {
            "bucket": "letsremote-dev-chatbot-storage",
            "id": "letsremote-dev-chatbot-storage",
            "policy": "{\"Id\":\"Policy\",\"Statement\":[{\"Action\":\"s3:GetObject\",\"Effect\":\"Allow\",\"Principal\":{\"AWS\":\"*\"},\"Resource\":\"arn:aws:s3:::letsremote-dev-chatbot-storage/*\"}],\"Version\":\"2008-10-17\"}"
          },
          "sensitive_attributes": [],
          "private": "bnVsbA==",
          "dependencies": [
            "module.storage.aws_s3_bucket.assets_bucket"
          ]
        }
      ]
    },
    {
      "module": "module.storage",
      "mode": "managed",
      "type": "aws_s3_bucket_public_access_block",
      "name": "assets_bucket",
      "provider": "provider[\"registry.terraform.io/hashicorp/aws\"]",
      "instances": [
        {
          "schema_version": 0,
          "attributes": {
            "block_public_acls": false,
            "block_public_policy": false,
            "bucket": "letsremote-dev-chatbot-storage",
            "id": "letsremote-dev-chatbot-storage",
            "ignore_public_acls": true,
            "restrict_public_buckets": true
          },
          "sensitive_attributes": [],
          "private": "bnVsbA==",
          "dependencies": [
            "module.storage.aws_s3_bucket.assets_bucket"
          ]
        }
      ]
    },
    {
      "module": "module.storage",
      "mode": "managed",
      "type": "aws_secretsmanager_secret",
      "name": "open_api_key",
      "provider": "provider[\"registry.terraform.io/hashicorp/aws\"]",
      "instances": [
        {
          "schema_version": 0,
          "attributes": {
            "arn": "arn:aws:secretsmanager:eu-central-1:098079051172:secret:dev-open-api-key-kEkJYz",
            "description": "Secret to store OpenAI API key",
            "force_overwrite_replica_secret": false,
            "id": "arn:aws:secretsmanager:eu-central-1:098079051172:secret:dev-open-api-key-kEkJYz",
            "kms_key_id": "",
            "name": "dev-open-api-key",
            "name_prefix": "",
            "policy": "",
            "recovery_window_in_days": 30,
            "replica": [],
            "tags": {},
            "tags_all": {}
          },
          "sensitive_attributes": [],
          "private": "bnVsbA=="
        }
      ]
    },
    {
      "module": "module.storage",
      "mode": "managed",
      "type": "aws_sqs_queue",
      "name": "chatbot_model_queue",
      "provider": "provider[\"registry.terraform.io/hashicorp/aws\"]",
      "instances": [
        {
          "schema_version": 0,
          "attributes": {
            "arn": "arn:aws:sqs:eu-central-1:098079051172:letsremote-dev-chatbot-storage-chatbot-model-queue",
            "content_based_deduplication": false,
            "deduplication_scope": "",
            "delay_seconds": 0,
            "fifo_queue": false,
            "fifo_throughput_limit": "",
            "id": "https://sqs.eu-central-1.amazonaws.com/098079051172/letsremote-dev-chatbot-storage-chatbot-model-queue",
            "kms_data_key_reuse_period_seconds": 300,
            "kms_master_key_id": "",
            "max_message_size": 262144,
            "message_retention_seconds": 345600,
            "name": "letsremote-dev-chatbot-storage-chatbot-model-queue",
            "name_prefix": "",
            "policy": "",
            "receive_wait_time_seconds": 0,
            "redrive_allow_policy": "",
            "redrive_policy": "",
            "sqs_managed_sse_enabled": true,
            "tags": {},
            "tags_all": {},
            "url": "https://sqs.eu-central-1.amazonaws.com/098079051172/letsremote-dev-chatbot-storage-chatbot-model-queue",
            "visibility_timeout_seconds": 30
          },
          "sensitive_attributes": [],
          "private": "bnVsbA=="
        }
      ]
    }
  ],
  "check_results": null
}
